// !$*UTF8*$!
{
	archiveVersion = 1;
	classes = {
	};
	objectVersion = 56;
	objects = {

/* Begin PBXBuildFile section */
		3D5B7EAB2A53FC26009C7ED4 /* sro.cpp in Sources */ = {isa = PBXBuildFile; fileRef = 3D5B7EAA2A53FC26009C7ED4 /* sro.cpp */; };
		3DC03E772A44E9D90016BA25 /* running_stat.cpp in Sources */ = {isa = PBXBuildFile; fileRef = 3DC03E632A44E9D90016BA25 /* running_stat.cpp */; };
		3DC03E782A44E9D90016BA25 /* rule.cpp in Sources */ = {isa = PBXBuildFile; fileRef = 3DC03E652A44E9D90016BA25 /* rule.cpp */; };
		3DC03E792A44E9D90016BA25 /* algo2.cpp in Sources */ = {isa = PBXBuildFile; fileRef = 3DC03E662A44E9D90016BA25 /* algo2.cpp */; };
		3DC03E7A2A44E9D90016BA25 /* algo1.cpp in Sources */ = {isa = PBXBuildFile; fileRef = 3DC03E672A44E9D90016BA25 /* algo1.cpp */; };
		3DC03E7B2A44E9D90016BA25 /* main.cpp in Sources */ = {isa = PBXBuildFile; fileRef = 3DC03E692A44E9D90016BA25 /* main.cpp */; };
		3DC03E7C2A44E9D90016BA25 /* monte_carlo.cpp in Sources */ = {isa = PBXBuildFile; fileRef = 3DC03E6E2A44E9D90016BA25 /* monte_carlo.cpp */; };
		3DC03E7D2A44E9D90016BA25 /* run_sim.cpp in Sources */ = {isa = PBXBuildFile; fileRef = 3DC03E6F2A44E9D90016BA25 /* run_sim.cpp */; };
		3DC03E7E2A44E9D90016BA25 /* session.cpp in Sources */ = {isa = PBXBuildFile; fileRef = 3DC03E702A44E9D90016BA25 /* session.cpp */; };
		3DC03E7F2A44E9D90016BA25 /* utils.cpp in Sources */ = {isa = PBXBuildFile; fileRef = 3DC03E722A44E9D90016BA25 /* utils.cpp */; };
		3DC03E802A44E9D90016BA25 /* sim_cell.cpp in Sources */ = {isa = PBXBuildFile; fileRef = 3DC03E752A44E9D90016BA25 /* sim_cell.cpp */; };
		3DC03E8B2A44F3890016BA25 /* function_test.cpp in Sources */ = {isa = PBXBuildFile; fileRef = 3DC03E892A44F3890016BA25 /* function_test.cpp */; };
		3DC03E942A44FB340016BA25 /* algo3.cpp in Sources */ = {isa = PBXBuildFile; fileRef = 3DC03E922A44FB340016BA25 /* algo3.cpp */; };
/* End PBXBuildFile section */

/* Begin PBXCopyFilesBuildPhase section */
		3DC03E562A44E9BD0016BA25 /* CopyFiles */ = {
			isa = PBXCopyFilesBuildPhase;
			buildActionMask = 2147483647;
			dstPath = /usr/share/man/man1/;
			dstSubfolderSpec = 0;
			files = (
			);
			runOnlyForDeploymentPostprocessing = 1;
		};
/* End PBXCopyFilesBuildPhase section */

/* Begin PBXFileReference section */
		3D5B7EA92A53FC26009C7ED4 /* sro.h */ = {isa = PBXFileReference; fileEncoding = 4; lastKnownFileType = sourcecode.c.h; name = sro.h; path = ../../sro.h; sourceTree = "<group>"; };
		3D5B7EAA2A53FC26009C7ED4 /* sro.cpp */ = {isa = PBXFileReference; fileEncoding = 4; lastKnownFileType = sourcecode.cpp.cpp; name = sro.cpp; path = ../../sro.cpp; sourceTree = "<group>"; };
		3DC03E582A44E9BD0016BA25 /* genmc */ = {isa = PBXFileReference; explicitFileType = "compiled.mach-o.executable"; includeInIndex = 0; path = genmc; sourceTree = BUILT_PRODUCTS_DIR; };
		3DC03E622A44E9D90016BA25 /* rule.h */ = {isa = PBXFileReference; fileEncoding = 4; lastKnownFileType = sourcecode.c.h; name = rule.h; path = ../../rule.h; sourceTree = "<group>"; };
		3DC03E632A44E9D90016BA25 /* running_stat.cpp */ = {isa = PBXFileReference; fileEncoding = 4; lastKnownFileType = sourcecode.cpp.cpp; name = running_stat.cpp; path = ../../running_stat.cpp; sourceTree = "<group>"; };
		3DC03E652A44E9D90016BA25 /* rule.cpp */ = {isa = PBXFileReference; fileEncoding = 4; lastKnownFileType = sourcecode.cpp.cpp; name = rule.cpp; path = ../../rule.cpp; sourceTree = "<group>"; };
		3DC03E662A44E9D90016BA25 /* algo2.cpp */ = {isa = PBXFileReference; fileEncoding = 4; lastKnownFileType = sourcecode.cpp.cpp; name = algo2.cpp; path = ../../algo2.cpp; sourceTree = "<group>"; };
		3DC03E672A44E9D90016BA25 /* algo1.cpp */ = {isa = PBXFileReference; fileEncoding = 4; lastKnownFileType = sourcecode.cpp.cpp; name = algo1.cpp; path = ../../algo1.cpp; sourceTree = "<group>"; };
		3DC03E682A44E9D90016BA25 /* algo1.h */ = {isa = PBXFileReference; fileEncoding = 4; lastKnownFileType = sourcecode.c.h; name = algo1.h; path = ../../algo1.h; sourceTree = "<group>"; };
		3DC03E692A44E9D90016BA25 /* main.cpp */ = {isa = PBXFileReference; fileEncoding = 4; lastKnownFileType = sourcecode.cpp.cpp; name = main.cpp; path = ../../main.cpp; sourceTree = "<group>"; };
		3DC03E6A2A44E9D90016BA25 /* run_sim.h */ = {isa = PBXFileReference; fileEncoding = 4; lastKnownFileType = sourcecode.c.h; name = run_sim.h; path = ../../run_sim.h; sourceTree = "<group>"; };
		3DC03E6B2A44E9D90016BA25 /* algo2.h */ = {isa = PBXFileReference; fileEncoding = 4; lastKnownFileType = sourcecode.c.h; name = algo2.h; path = ../../algo2.h; sourceTree = "<group>"; };
		3DC03E6D2A44E9D90016BA25 /* running_stat.h */ = {isa = PBXFileReference; fileEncoding = 4; lastKnownFileType = sourcecode.c.h; name = running_stat.h; path = ../../running_stat.h; sourceTree = "<group>"; };
		3DC03E6E2A44E9D90016BA25 /* monte_carlo.cpp */ = {isa = PBXFileReference; fileEncoding = 4; lastKnownFileType = sourcecode.cpp.cpp; name = monte_carlo.cpp; path = ../../monte_carlo.cpp; sourceTree = "<group>"; };
		3DC03E6F2A44E9D90016BA25 /* run_sim.cpp */ = {isa = PBXFileReference; fileEncoding = 4; lastKnownFileType = sourcecode.cpp.cpp; name = run_sim.cpp; path = ../../run_sim.cpp; sourceTree = "<group>"; };
		3DC03E702A44E9D90016BA25 /* session.cpp */ = {isa = PBXFileReference; fileEncoding = 4; lastKnownFileType = sourcecode.cpp.cpp; name = session.cpp; path = ../../session.cpp; sourceTree = "<group>"; };
		3DC03E712A44E9D90016BA25 /* sim_cell.h */ = {isa = PBXFileReference; fileEncoding = 4; lastKnownFileType = sourcecode.c.h; name = sim_cell.h; path = ../../sim_cell.h; sourceTree = "<group>"; };
		3DC03E722A44E9D90016BA25 /* utils.cpp */ = {isa = PBXFileReference; fileEncoding = 4; lastKnownFileType = sourcecode.cpp.cpp; name = utils.cpp; path = ../../utils.cpp; sourceTree = "<group>"; };
		3DC03E732A44E9D90016BA25 /* utils.h */ = {isa = PBXFileReference; fileEncoding = 4; lastKnownFileType = sourcecode.c.h; name = utils.h; path = ../../utils.h; sourceTree = "<group>"; };
		3DC03E742A44E9D90016BA25 /* session.h */ = {isa = PBXFileReference; fileEncoding = 4; lastKnownFileType = sourcecode.c.h; name = session.h; path = ../../session.h; sourceTree = "<group>"; };
		3DC03E752A44E9D90016BA25 /* sim_cell.cpp */ = {isa = PBXFileReference; fileEncoding = 4; lastKnownFileType = sourcecode.cpp.cpp; name = sim_cell.cpp; path = ../../sim_cell.cpp; sourceTree = "<group>"; };
		3DC03E762A44E9D90016BA25 /* monte_carlo.h */ = {isa = PBXFileReference; fileEncoding = 4; lastKnownFileType = sourcecode.c.h; name = monte_carlo.h; path = ../../monte_carlo.h; sourceTree = "<group>"; };
		3DC03E882A44F3560016BA25 /* function_test.h */ = {isa = PBXFileReference; fileEncoding = 4; lastKnownFileType = sourcecode.c.h; name = function_test.h; path = ../../function_test.h; sourceTree = "<group>"; };
		3DC03E892A44F3890016BA25 /* function_test.cpp */ = {isa = PBXFileReference; lastKnownFileType = sourcecode.cpp.cpp; name = function_test.cpp; path = ../../function_test.cpp; sourceTree = "<group>"; };
		3DC03E922A44FB340016BA25 /* algo3.cpp */ = {isa = PBXFileReference; fileEncoding = 4; lastKnownFileType = sourcecode.cpp.cpp; name = algo3.cpp; path = ../../algo3.cpp; sourceTree = "<group>"; };
		3DC03E932A44FB340016BA25 /* algo3.h */ = {isa = PBXFileReference; fileEncoding = 4; lastKnownFileType = sourcecode.c.h; name = algo3.h; path = ../../algo3.h; sourceTree = "<group>"; };
/* End PBXFileReference section */

/* Begin PBXFrameworksBuildPhase section */
		3DC03E552A44E9BD0016BA25 /* Frameworks */ = {
			isa = PBXFrameworksBuildPhase;
			buildActionMask = 2147483647;
			files = (
			);
			runOnlyForDeploymentPostprocessing = 0;
		};
/* End PBXFrameworksBuildPhase section */

/* Begin PBXGroup section */
		3DC03E4F2A44E9BD0016BA25 = {
			isa = PBXGroup;
			children = (
				3DC03E5A2A44E9BD0016BA25 /* genmc */,
				3DC03E592A44E9BD0016BA25 /* Products */,
			);
			sourceTree = "<group>";
		};
		3DC03E592A44E9BD0016BA25 /* Products */ = {
			isa = PBXGroup;
			children = (
				3DC03E582A44E9BD0016BA25 /* genmc */,
			);
			name = Products;
			sourceTree = "<group>";
		};
		3DC03E5A2A44E9BD0016BA25 /* genmc */ = {
			isa = PBXGroup;
			children = (
				3D5B7EAA2A53FC26009C7ED4 /* sro.cpp */,
				3D5B7EA92A53FC26009C7ED4 /* sro.h */,
				3DC03E922A44FB340016BA25 /* algo3.cpp */,
				3DC03E932A44FB340016BA25 /* algo3.h */,
				3DC03E672A44E9D90016BA25 /* algo1.cpp */,
				3DC03E682A44E9D90016BA25 /* algo1.h */,
				3DC03E662A44E9D90016BA25 /* algo2.cpp */,
				3DC03E6B2A44E9D90016BA25 /* algo2.h */,
				3DC03E692A44E9D90016BA25 /* main.cpp */,
				3DC03E6E2A44E9D90016BA25 /* monte_carlo.cpp */,
				3DC03E762A44E9D90016BA25 /* monte_carlo.h */,
				3DC03E652A44E9D90016BA25 /* rule.cpp */,
				3DC03E622A44E9D90016BA25 /* rule.h */,
				3DC03E6F2A44E9D90016BA25 /* run_sim.cpp */,
				3DC03E6A2A44E9D90016BA25 /* run_sim.h */,
				3DC03E632A44E9D90016BA25 /* running_stat.cpp */,
				3DC03E6D2A44E9D90016BA25 /* running_stat.h */,
				3DC03E702A44E9D90016BA25 /* session.cpp */,
				3DC03E742A44E9D90016BA25 /* session.h */,
				3DC03E752A44E9D90016BA25 /* sim_cell.cpp */,
				3DC03E712A44E9D90016BA25 /* sim_cell.h */,
				3DC03E722A44E9D90016BA25 /* utils.cpp */,
				3DC03E732A44E9D90016BA25 /* utils.h */,
				3DC03E892A44F3890016BA25 /* function_test.cpp */,
				3DC03E882A44F3560016BA25 /* function_test.h */,
			);
			path = genmc;
			sourceTree = "<group>";
		};
/* End PBXGroup section */

/* Begin PBXNativeTarget section */
		3DC03E572A44E9BD0016BA25 /* genmc */ = {
			isa = PBXNativeTarget;
			buildConfigurationList = 3DC03E5F2A44E9BD0016BA25 /* Build configuration list for PBXNativeTarget "genmc" */;
			buildPhases = (
				3DC03E542A44E9BD0016BA25 /* Sources */,
				3DC03E552A44E9BD0016BA25 /* Frameworks */,
				3DC03E562A44E9BD0016BA25 /* CopyFiles */,
			);
			buildRules = (
			);
			dependencies = (
			);
			name = genmc;
			productName = genmc;
			productReference = 3DC03E582A44E9BD0016BA25 /* genmc */;
			productType = "com.apple.product-type.tool";
		};
/* End PBXNativeTarget section */

/* Begin PBXProject section */
		3DC03E502A44E9BD0016BA25 /* Project object */ = {
			isa = PBXProject;
			attributes = {
				BuildIndependentTargetsInParallel = 1;
				LastUpgradeCheck = 1430;
				TargetAttributes = {
					3DC03E572A44E9BD0016BA25 = {
						CreatedOnToolsVersion = 14.3.1;
					};
				};
			};
			buildConfigurationList = 3DC03E532A44E9BD0016BA25 /* Build configuration list for PBXProject "genmc" */;
			compatibilityVersion = "Xcode 14.0";
			developmentRegion = en;
			hasScannedForEncodings = 0;
			knownRegions = (
				en,
				Base,
			);
			mainGroup = 3DC03E4F2A44E9BD0016BA25;
			productRefGroup = 3DC03E592A44E9BD0016BA25 /* Products */;
			projectDirPath = "";
			projectRoot = "";
			targets = (
				3DC03E572A44E9BD0016BA25 /* genmc */,
			);
		};
/* End PBXProject section */

/* Begin PBXSourcesBuildPhase section */
		3DC03E542A44E9BD0016BA25 /* Sources */ = {
			isa = PBXSourcesBuildPhase;
			buildActionMask = 2147483647;
			files = (
				3DC03E7E2A44E9D90016BA25 /* session.cpp in Sources */,
				3DC03E8B2A44F3890016BA25 /* function_test.cpp in Sources */,
				3DC03E772A44E9D90016BA25 /* running_stat.cpp in Sources */,
				3DC03E782A44E9D90016BA25 /* rule.cpp in Sources */,
				3DC03E7D2A44E9D90016BA25 /* run_sim.cpp in Sources */,
				3DC03E7A2A44E9D90016BA25 /* algo1.cpp in Sources */,
				3D5B7EAB2A53FC26009C7ED4 /* sro.cpp in Sources */,
				3DC03E7B2A44E9D90016BA25 /* main.cpp in Sources */,
				3DC03E7F2A44E9D90016BA25 /* utils.cpp in Sources */,
				3DC03E942A44FB340016BA25 /* algo3.cpp in Sources */,
				3DC03E802A44E9D90016BA25 /* sim_cell.cpp in Sources */,
				3DC03E792A44E9D90016BA25 /* algo2.cpp in Sources */,
				3DC03E7C2A44E9D90016BA25 /* monte_carlo.cpp in Sources */,
			);
			runOnlyForDeploymentPostprocessing = 0;
		};
/* End PBXSourcesBuildPhase section */

/* Begin XCBuildConfiguration section */
		3DC03E5D2A44E9BD0016BA25 /* Debug */ = {
			isa = XCBuildConfiguration;
			buildSettings = {
				ALWAYS_SEARCH_USER_PATHS = NO;
				CLANG_ANALYZER_NONNULL = YES;
				CLANG_ANALYZER_NUMBER_OBJECT_CONVERSION = YES_AGGRESSIVE;
				CLANG_CXX_LANGUAGE_STANDARD = "gnu++20";
				CLANG_ENABLE_MODULES = YES;
				CLANG_ENABLE_OBJC_ARC = YES;
				CLANG_ENABLE_OBJC_WEAK = YES;
				CLANG_WARN_BLOCK_CAPTURE_AUTORELEASING = YES;
				CLANG_WARN_BOOL_CONVERSION = YES;
				CLANG_WARN_COMMA = YES;
				CLANG_WARN_CONSTANT_CONVERSION = YES;
				CLANG_WARN_DEPRECATED_OBJC_IMPLEMENTATIONS = YES;
				CLANG_WARN_DIRECT_OBJC_ISA_USAGE = YES_ERROR;
				CLANG_WARN_DOCUMENTATION_COMMENTS = YES;
				CLANG_WARN_EMPTY_BODY = YES;
				CLANG_WARN_ENUM_CONVERSION = YES;
				CLANG_WARN_INFINITE_RECURSION = YES;
				CLANG_WARN_INT_CONVERSION = YES;
				CLANG_WARN_NON_LITERAL_NULL_CONVERSION = YES;
				CLANG_WARN_OBJC_IMPLICIT_RETAIN_SELF = YES;
				CLANG_WARN_OBJC_LITERAL_CONVERSION = YES;
				CLANG_WARN_OBJC_ROOT_CLASS = YES_ERROR;
				CLANG_WARN_QUOTED_INCLUDE_IN_FRAMEWORK_HEADER = YES;
				CLANG_WARN_RANGE_LOOP_ANALYSIS = YES;
				CLANG_WARN_STRICT_PROTOTYPES = YES;
				CLANG_WARN_SUSPICIOUS_MOVE = YES;
				CLANG_WARN_UNGUARDED_AVAILABILITY = YES_AGGRESSIVE;
				CLANG_WARN_UNREACHABLE_CODE = YES;
				CLANG_WARN__DUPLICATE_METHOD_MATCH = YES;
				COPY_PHASE_STRIP = NO;
				DEBUG_INFORMATION_FORMAT = dwarf;
				ENABLE_STRICT_OBJC_MSGSEND = YES;
				ENABLE_TESTABILITY = YES;
				GCC_C_LANGUAGE_STANDARD = gnu11;
				GCC_DYNAMIC_NO_PIC = NO;
				GCC_NO_COMMON_BLOCKS = YES;
				GCC_OPTIMIZATION_LEVEL = 0;
				GCC_PREPROCESSOR_DEFINITIONS = (
					"DEBUG=1",
					"$(inherited)",
				);
				GCC_WARN_64_TO_32_BIT_CONVERSION = YES;
				GCC_WARN_ABOUT_RETURN_TYPE = YES_ERROR;
				GCC_WARN_UNDECLARED_SELECTOR = YES;
				GCC_WARN_UNINITIALIZED_AUTOS = YES_AGGRESSIVE;
				GCC_WARN_UNUSED_FUNCTION = YES;
				GCC_WARN_UNUSED_VARIABLE = YES;
				MACOSX_DEPLOYMENT_TARGET = 13.3;
				MTL_ENABLE_DEBUG_INFO = INCLUDE_SOURCE;
				MTL_FAST_MATH = YES;
				ONLY_ACTIVE_ARCH = YES;
				SDKROOT = macosx;
			};
			name = Debug;
		};
		3DC03E5E2A44E9BD0016BA25 /* Release */ = {
			isa = XCBuildConfiguration;
			buildSettings = {
				ALWAYS_SEARCH_USER_PATHS = NO;
				CLANG_ANALYZER_NONNULL = YES;
				CLANG_ANALYZER_NUMBER_OBJECT_CONVERSION = YES_AGGRESSIVE;
				CLANG_CXX_LANGUAGE_STANDARD = "gnu++20";
				CLANG_ENABLE_MODULES = YES;
				CLANG_ENABLE_OBJC_ARC = YES;
				CLANG_ENABLE_OBJC_WEAK = YES;
				CLANG_WARN_BLOCK_CAPTURE_AUTORELEASING = YES;
				CLANG_WARN_BOOL_CONVERSION = YES;
				CLANG_WARN_COMMA = YES;
				CLANG_WARN_CONSTANT_CONVERSION = YES;
				CLANG_WARN_DEPRECATED_OBJC_IMPLEMENTATIONS = YES;
				CLANG_WARN_DIRECT_OBJC_ISA_USAGE = YES_ERROR;
				CLANG_WARN_DOCUMENTATION_COMMENTS = YES;
				CLANG_WARN_EMPTY_BODY = YES;
				CLANG_WARN_ENUM_CONVERSION = YES;
				CLANG_WARN_INFINITE_RECURSION = YES;
				CLANG_WARN_INT_CONVERSION = YES;
				CLANG_WARN_NON_LITERAL_NULL_CONVERSION = YES;
				CLANG_WARN_OBJC_IMPLICIT_RETAIN_SELF = YES;
				CLANG_WARN_OBJC_LITERAL_CONVERSION = YES;
				CLANG_WARN_OBJC_ROOT_CLASS = YES_ERROR;
				CLANG_WARN_QUOTED_INCLUDE_IN_FRAMEWORK_HEADER = YES;
				CLANG_WARN_RANGE_LOOP_ANALYSIS = YES;
				CLANG_WARN_STRICT_PROTOTYPES = YES;
				CLANG_WARN_SUSPICIOUS_MOVE = YES;
				CLANG_WARN_UNGUARDED_AVAILABILITY = YES_AGGRESSIVE;
				CLANG_WARN_UNREACHABLE_CODE = YES;
				CLANG_WARN__DUPLICATE_METHOD_MATCH = YES;
				COPY_PHASE_STRIP = NO;
				DEBUG_INFORMATION_FORMAT = "dwarf-with-dsym";
				ENABLE_NS_ASSERTIONS = NO;
				ENABLE_STRICT_OBJC_MSGSEND = YES;
				GCC_C_LANGUAGE_STANDARD = gnu11;
				GCC_NO_COMMON_BLOCKS = YES;
				GCC_WARN_64_TO_32_BIT_CONVERSION = YES;
				GCC_WARN_ABOUT_RETURN_TYPE = YES_ERROR;
				GCC_WARN_UNDECLARED_SELECTOR = YES;
				GCC_WARN_UNINITIALIZED_AUTOS = YES_AGGRESSIVE;
				GCC_WARN_UNUSED_FUNCTION = YES;
				GCC_WARN_UNUSED_VARIABLE = YES;
				MACOSX_DEPLOYMENT_TARGET = 13.3;
				MTL_ENABLE_DEBUG_INFO = NO;
				MTL_FAST_MATH = YES;
				SDKROOT = macosx;
			};
			name = Release;
		};
		3DC03E602A44E9BD0016BA25 /* Debug */ = {
			isa = XCBuildConfiguration;
			buildSettings = {
				CODE_SIGN_STYLE = Automatic;
				DEVELOPMENT_TEAM = 8B7GB4H8J9;
				ENABLE_HARDENED_RUNTIME = YES;
				GCC_OPTIMIZATION_LEVEL = 0;
				PRODUCT_NAME = "$(TARGET_NAME)";
			};
			name = Debug;
		};
		3DC03E612A44E9BD0016BA25 /* Release */ = {
			isa = XCBuildConfiguration;
			buildSettings = {
				CODE_SIGN_STYLE = Automatic;
				DEVELOPMENT_TEAM = 8B7GB4H8J9;
				ENABLE_HARDENED_RUNTIME = YES;
				PRODUCT_NAME = "$(TARGET_NAME)";
			};
			name = Release;
		};
/* End XCBuildConfiguration section */

/* Begin XCConfigurationList section */
		3DC03E532A44E9BD0016BA25 /* Build configuration list for PBXProject "genmc" */ = {
			isa = XCConfigurationList;
			buildConfigurations = (
				3DC03E5D2A44E9BD0016BA25 /* Debug */,
				3DC03E5E2A44E9BD0016BA25 /* Release */,
			);
			defaultConfigurationIsVisible = 0;
			defaultConfigurationName = Release;
		};
		3DC03E5F2A44E9BD0016BA25 /* Build configuration list for PBXNativeTarget "genmc" */ = {
			isa = XCConfigurationList;
			buildConfigurations = (
				3DC03E602A44E9BD0016BA25 /* Debug */,
				3DC03E612A44E9BD0016BA25 /* Release */,
			);
			defaultConfigurationIsVisible = 0;
			defaultConfigurationName = Release;
		};
/* End XCConfigurationList section */
	};
	rootObject = 3DC03E502A44E9BD0016BA25 /* Project object */;
}
