// !$*UTF8*$!
{
	archiveVersion = 1;
	classes = {
	};
	objectVersion = 56;
	objects = {

/* Begin PBXBuildFile section */
		3D8B872A2A90A00700C98AF2 /* algo2.cpp in Sources */ = {isa = PBXBuildFile; fileRef = 3D8B87152A90A00700C98AF2 /* algo2.cpp */; };
		3D8B872B2A90A00700C98AF2 /* algo3.cpp in Sources */ = {isa = PBXBuildFile; fileRef = 3D8B87162A90A00700C98AF2 /* algo3.cpp */; };
		3D8B872C2A90A00700C98AF2 /* running_stat.cpp in Sources */ = {isa = PBXBuildFile; fileRef = 3D8B87172A90A00700C98AF2 /* running_stat.cpp */; };
		3D8B872D2A90A00700C98AF2 /* algo1.cpp in Sources */ = {isa = PBXBuildFile; fileRef = 3D8B871A2A90A00700C98AF2 /* algo1.cpp */; };
		3D8B872E2A90A00700C98AF2 /* sim_cell.cpp in Sources */ = {isa = PBXBuildFile; fileRef = 3D8B871C2A90A00700C98AF2 /* sim_cell.cpp */; };
		3D8B872F2A90A00700C98AF2 /* main.cpp in Sources */ = {isa = PBXBuildFile; fileRef = 3D8B871E2A90A00700C98AF2 /* main.cpp */; };
		3D8B87302A90A00700C98AF2 /* rule.cpp in Sources */ = {isa = PBXBuildFile; fileRef = 3D8B871F2A90A00700C98AF2 /* rule.cpp */; };
		3D8B87312A90A00700C98AF2 /* run_sim.cpp in Sources */ = {isa = PBXBuildFile; fileRef = 3D8B87202A90A00700C98AF2 /* run_sim.cpp */; };
		3D8B87322A90A00700C98AF2 /* session.cpp in Sources */ = {isa = PBXBuildFile; fileRef = 3D8B87252A90A00700C98AF2 /* session.cpp */; };
		3D8B87332A90A00700C98AF2 /* utils.cpp in Sources */ = {isa = PBXBuildFile; fileRef = 3D8B87292A90A00700C98AF2 /* utils.cpp */; };
/* End PBXBuildFile section */

/* Begin PBXCopyFilesBuildPhase section */
		3D8B87092A909FDE00C98AF2 /* CopyFiles */ = {
			isa = PBXCopyFilesBuildPhase;
			buildActionMask = 2147483647;
			dstPath = /usr/share/man/man1/;
			dstSubfolderSpec = 0;
			files = (
			);
			runOnlyForDeploymentPostprocessing = 1;
		};
/* End PBXCopyFilesBuildPhase section */

/* Begin PBXFileReference section */
		3D8B870B2A909FDE00C98AF2 /* gmc_copy */ = {isa = PBXFileReference; explicitFileType = "compiled.mach-o.executable"; includeInIndex = 0; path = gmc_copy; sourceTree = BUILT_PRODUCTS_DIR; };
		3D8B87152A90A00700C98AF2 /* algo2.cpp */ = {isa = PBXFileReference; fileEncoding = 4; lastKnownFileType = sourcecode.cpp.cpp; name = algo2.cpp; path = ../../algo2.cpp; sourceTree = "<group>"; };
		3D8B87162A90A00700C98AF2 /* algo3.cpp */ = {isa = PBXFileReference; fileEncoding = 4; lastKnownFileType = sourcecode.cpp.cpp; name = algo3.cpp; path = ../../algo3.cpp; sourceTree = "<group>"; };
		3D8B87172A90A00700C98AF2 /* running_stat.cpp */ = {isa = PBXFileReference; fileEncoding = 4; lastKnownFileType = sourcecode.cpp.cpp; name = running_stat.cpp; path = ../../running_stat.cpp; sourceTree = "<group>"; };
		3D8B87182A90A00700C98AF2 /* sim_cell.h */ = {isa = PBXFileReference; fileEncoding = 4; lastKnownFileType = sourcecode.c.h; name = sim_cell.h; path = ../../sim_cell.h; sourceTree = "<group>"; };
		3D8B87192A90A00700C98AF2 /* algo2.h */ = {isa = PBXFileReference; fileEncoding = 4; lastKnownFileType = sourcecode.c.h; name = algo2.h; path = ../../algo2.h; sourceTree = "<group>"; };
		3D8B871A2A90A00700C98AF2 /* algo1.cpp */ = {isa = PBXFileReference; fileEncoding = 4; lastKnownFileType = sourcecode.cpp.cpp; name = algo1.cpp; path = ../../algo1.cpp; sourceTree = "<group>"; };
		3D8B871B2A90A00700C98AF2 /* algo3.h */ = {isa = PBXFileReference; fileEncoding = 4; lastKnownFileType = sourcecode.c.h; name = algo3.h; path = ../../algo3.h; sourceTree = "<group>"; };
		3D8B871C2A90A00700C98AF2 /* sim_cell.cpp */ = {isa = PBXFileReference; fileEncoding = 4; lastKnownFileType = sourcecode.cpp.cpp; name = sim_cell.cpp; path = ../../sim_cell.cpp; sourceTree = "<group>"; };
		3D8B871D2A90A00700C98AF2 /* algo1.h */ = {isa = PBXFileReference; fileEncoding = 4; lastKnownFileType = sourcecode.c.h; name = algo1.h; path = ../../algo1.h; sourceTree = "<group>"; };
		3D8B871E2A90A00700C98AF2 /* main.cpp */ = {isa = PBXFileReference; fileEncoding = 4; lastKnownFileType = sourcecode.cpp.cpp; name = main.cpp; path = ../../main.cpp; sourceTree = "<group>"; };
		3D8B871F2A90A00700C98AF2 /* rule.cpp */ = {isa = PBXFileReference; fileEncoding = 4; lastKnownFileType = sourcecode.cpp.cpp; name = rule.cpp; path = ../../rule.cpp; sourceTree = "<group>"; };
		3D8B87202A90A00700C98AF2 /* run_sim.cpp */ = {isa = PBXFileReference; fileEncoding = 4; lastKnownFileType = sourcecode.cpp.cpp; name = run_sim.cpp; path = ../../run_sim.cpp; sourceTree = "<group>"; };
		3D8B87212A90A00700C98AF2 /* run_sim.h */ = {isa = PBXFileReference; fileEncoding = 4; lastKnownFileType = sourcecode.c.h; name = run_sim.h; path = ../../run_sim.h; sourceTree = "<group>"; };
		3D8B87222A90A00700C98AF2 /* running_stat.h */ = {isa = PBXFileReference; fileEncoding = 4; lastKnownFileType = sourcecode.c.h; name = running_stat.h; path = ../../running_stat.h; sourceTree = "<group>"; };
		3D8B87232A90A00700C98AF2 /* session.h */ = {isa = PBXFileReference; fileEncoding = 4; lastKnownFileType = sourcecode.c.h; name = session.h; path = ../../session.h; sourceTree = "<group>"; };
		3D8B87242A90A00700C98AF2 /* rule.h */ = {isa = PBXFileReference; fileEncoding = 4; lastKnownFileType = sourcecode.c.h; name = rule.h; path = ../../rule.h; sourceTree = "<group>"; };
		3D8B87252A90A00700C98AF2 /* session.cpp */ = {isa = PBXFileReference; fileEncoding = 4; lastKnownFileType = sourcecode.cpp.cpp; name = session.cpp; path = ../../session.cpp; sourceTree = "<group>"; };
		3D8B87262A90A00700C98AF2 /* utils.h */ = {isa = PBXFileReference; fileEncoding = 4; lastKnownFileType = sourcecode.c.h; name = utils.h; path = ../../utils.h; sourceTree = "<group>"; };
		3D8B87272A90A00700C98AF2 /* GMC_Run.vcxproj.user */ = {isa = PBXFileReference; fileEncoding = 4; lastKnownFileType = text.xml; name = GMC_Run.vcxproj.user; path = ../../GMC_Run.vcxproj.user; sourceTree = "<group>"; };
		3D8B87282A90A00700C98AF2 /* GMC_Run.vcxproj */ = {isa = PBXFileReference; fileEncoding = 4; lastKnownFileType = text.xml; name = GMC_Run.vcxproj; path = ../../GMC_Run.vcxproj; sourceTree = "<group>"; };
		3D8B87292A90A00700C98AF2 /* utils.cpp */ = {isa = PBXFileReference; fileEncoding = 4; lastKnownFileType = sourcecode.cpp.cpp; name = utils.cpp; path = ../../utils.cpp; sourceTree = "<group>"; };
/* End PBXFileReference section */

/* Begin PBXFrameworksBuildPhase section */
		3D8B87082A909FDE00C98AF2 /* Frameworks */ = {
			isa = PBXFrameworksBuildPhase;
			buildActionMask = 2147483647;
			files = (
			);
			runOnlyForDeploymentPostprocessing = 0;
		};
/* End PBXFrameworksBuildPhase section */

/* Begin PBXGroup section */
		3D8B87022A909FDE00C98AF2 = {
			isa = PBXGroup;
			children = (
				3D8B870D2A909FDE00C98AF2 /* gmc_copy */,
				3D8B870C2A909FDE00C98AF2 /* Products */,
			);
			sourceTree = "<group>";
		};
		3D8B870C2A909FDE00C98AF2 /* Products */ = {
			isa = PBXGroup;
			children = (
				3D8B870B2A909FDE00C98AF2 /* gmc_copy */,
			);
			name = Products;
			sourceTree = "<group>";
		};
		3D8B870D2A909FDE00C98AF2 /* gmc_copy */ = {
			isa = PBXGroup;
			children = (
				3D8B871A2A90A00700C98AF2 /* algo1.cpp */,
				3D8B871D2A90A00700C98AF2 /* algo1.h */,
				3D8B87152A90A00700C98AF2 /* algo2.cpp */,
				3D8B87192A90A00700C98AF2 /* algo2.h */,
				3D8B87162A90A00700C98AF2 /* algo3.cpp */,
				3D8B871B2A90A00700C98AF2 /* algo3.h */,
				3D8B87282A90A00700C98AF2 /* GMC_Run.vcxproj */,
				3D8B87272A90A00700C98AF2 /* GMC_Run.vcxproj.user */,
				3D8B871E2A90A00700C98AF2 /* main.cpp */,
				3D8B871F2A90A00700C98AF2 /* rule.cpp */,
				3D8B87242A90A00700C98AF2 /* rule.h */,
				3D8B87202A90A00700C98AF2 /* run_sim.cpp */,
				3D8B87212A90A00700C98AF2 /* run_sim.h */,
				3D8B87172A90A00700C98AF2 /* running_stat.cpp */,
				3D8B87222A90A00700C98AF2 /* running_stat.h */,
				3D8B87252A90A00700C98AF2 /* session.cpp */,
				3D8B87232A90A00700C98AF2 /* session.h */,
				3D8B871C2A90A00700C98AF2 /* sim_cell.cpp */,
				3D8B87182A90A00700C98AF2 /* sim_cell.h */,
				3D8B87292A90A00700C98AF2 /* utils.cpp */,
				3D8B87262A90A00700C98AF2 /* utils.h */,
			);
			path = gmc_copy;
			sourceTree = "<group>";
		};
/* End PBXGroup section */

/* Begin PBXNativeTarget section */
		3D8B870A2A909FDE00C98AF2 /* gmc_copy */ = {
			isa = PBXNativeTarget;
			buildConfigurationList = 3D8B87122A909FDF00C98AF2 /* Build configuration list for PBXNativeTarget "gmc_copy" */;
			buildPhases = (
				3D8B87072A909FDE00C98AF2 /* Sources */,
				3D8B87082A909FDE00C98AF2 /* Frameworks */,
				3D8B87092A909FDE00C98AF2 /* CopyFiles */,
			);
			buildRules = (
			);
			dependencies = (
			);
			name = gmc_copy;
			productName = gmc_copy;
			productReference = 3D8B870B2A909FDE00C98AF2 /* gmc_copy */;
			productType = "com.apple.product-type.tool";
		};
/* End PBXNativeTarget section */

/* Begin PBXProject section */
		3D8B87032A909FDE00C98AF2 /* Project object */ = {
			isa = PBXProject;
			attributes = {
				BuildIndependentTargetsInParallel = 1;
				LastUpgradeCheck = 1430;
				TargetAttributes = {
					3D8B870A2A909FDE00C98AF2 = {
						CreatedOnToolsVersion = 14.3.1;
					};
				};
			};
			buildConfigurationList = 3D8B87062A909FDE00C98AF2 /* Build configuration list for PBXProject "gmc_copy" */;
			compatibilityVersion = "Xcode 14.0";
			developmentRegion = en;
			hasScannedForEncodings = 0;
			knownRegions = (
				en,
				Base,
			);
			mainGroup = 3D8B87022A909FDE00C98AF2;
			productRefGroup = 3D8B870C2A909FDE00C98AF2 /* Products */;
			projectDirPath = "";
			projectRoot = "";
			targets = (
				3D8B870A2A909FDE00C98AF2 /* gmc_copy */,
			);
		};
/* End PBXProject section */

/* Begin PBXSourcesBuildPhase section */
		3D8B87072A909FDE00C98AF2 /* Sources */ = {
			isa = PBXSourcesBuildPhase;
			buildActionMask = 2147483647;
			files = (
				3D8B872B2A90A00700C98AF2 /* algo3.cpp in Sources */,
				3D8B87332A90A00700C98AF2 /* utils.cpp in Sources */,
				3D8B87312A90A00700C98AF2 /* run_sim.cpp in Sources */,
				3D8B87322A90A00700C98AF2 /* session.cpp in Sources */,
				3D8B872C2A90A00700C98AF2 /* running_stat.cpp in Sources */,
				3D8B872F2A90A00700C98AF2 /* main.cpp in Sources */,
				3D8B872E2A90A00700C98AF2 /* sim_cell.cpp in Sources */,
				3D8B872D2A90A00700C98AF2 /* algo1.cpp in Sources */,
				3D8B872A2A90A00700C98AF2 /* algo2.cpp in Sources */,
				3D8B87302A90A00700C98AF2 /* rule.cpp in Sources */,
			);
			runOnlyForDeploymentPostprocessing = 0;
		};
/* End PBXSourcesBuildPhase section */

/* Begin XCBuildConfiguration section */
		3D8B87102A909FDF00C98AF2 /* Debug */ = {
			isa = XCBuildConfiguration;
			buildSettings = {
				ALWAYS_SEARCH_USER_PATHS = NO;
				CLANG_ANALYZER_NONNULL = YES;
				CLANG_ANALYZER_NUMBER_OBJECT_CONVERSION = YES_AGGRESSIVE;
				CLANG_CXX_LANGUAGE_STANDARD = "gnu++20";
				CLANG_ENABLE_MODULES = YES;
				CLANG_ENABLE_OBJC_ARC = YES;
				CLANG_ENABLE_OBJC_WEAK = YES;
				CLANG_WARN_BLOCK_CAPTURE_AUTORELEASING = YES;
				CLANG_WARN_BOOL_CONVERSION = YES;
				CLANG_WARN_COMMA = YES;
				CLANG_WARN_CONSTANT_CONVERSION = YES;
				CLANG_WARN_DEPRECATED_OBJC_IMPLEMENTATIONS = YES;
				CLANG_WARN_DIRECT_OBJC_ISA_USAGE = YES_ERROR;
				CLANG_WARN_DOCUMENTATION_COMMENTS = YES;
				CLANG_WARN_EMPTY_BODY = YES;
				CLANG_WARN_ENUM_CONVERSION = YES;
				CLANG_WARN_INFINITE_RECURSION = YES;
				CLANG_WARN_INT_CONVERSION = YES;
				CLANG_WARN_NON_LITERAL_NULL_CONVERSION = YES;
				CLANG_WARN_OBJC_IMPLICIT_RETAIN_SELF = YES;
				CLANG_WARN_OBJC_LITERAL_CONVERSION = YES;
				CLANG_WARN_OBJC_ROOT_CLASS = YES_ERROR;
				CLANG_WARN_QUOTED_INCLUDE_IN_FRAMEWORK_HEADER = YES;
				CLANG_WARN_RANGE_LOOP_ANALYSIS = YES;
				CLANG_WARN_STRICT_PROTOTYPES = YES;
				CLANG_WARN_SUSPICIOUS_MOVE = YES;
				CLANG_WARN_UNGUARDED_AVAILABILITY = YES_AGGRESSIVE;
				CLANG_WARN_UNREACHABLE_CODE = YES;
				CLANG_WARN__DUPLICATE_METHOD_MATCH = YES;
				COPY_PHASE_STRIP = NO;
				DEBUG_INFORMATION_FORMAT = dwarf;
				ENABLE_STRICT_OBJC_MSGSEND = YES;
				ENABLE_TESTABILITY = YES;
				GCC_C_LANGUAGE_STANDARD = gnu11;
				GCC_DYNAMIC_NO_PIC = NO;
				GCC_NO_COMMON_BLOCKS = YES;
				GCC_OPTIMIZATION_LEVEL = 0;
				GCC_PREPROCESSOR_DEFINITIONS = (
					"DEBUG=1",
					"$(inherited)",
				);
				GCC_WARN_64_TO_32_BIT_CONVERSION = YES;
				GCC_WARN_ABOUT_RETURN_TYPE = YES_ERROR;
				GCC_WARN_UNDECLARED_SELECTOR = YES;
				GCC_WARN_UNINITIALIZED_AUTOS = YES_AGGRESSIVE;
				GCC_WARN_UNUSED_FUNCTION = YES;
				GCC_WARN_UNUSED_VARIABLE = YES;
				MACOSX_DEPLOYMENT_TARGET = 13.3;
				MTL_ENABLE_DEBUG_INFO = INCLUDE_SOURCE;
				MTL_FAST_MATH = YES;
				ONLY_ACTIVE_ARCH = YES;
				SDKROOT = macosx;
			};
			name = Debug;
		};
		3D8B87112A909FDF00C98AF2 /* Release */ = {
			isa = XCBuildConfiguration;
			buildSettings = {
				ALWAYS_SEARCH_USER_PATHS = NO;
				CLANG_ANALYZER_NONNULL = YES;
				CLANG_ANALYZER_NUMBER_OBJECT_CONVERSION = YES_AGGRESSIVE;
				CLANG_CXX_LANGUAGE_STANDARD = "gnu++20";
				CLANG_ENABLE_MODULES = YES;
				CLANG_ENABLE_OBJC_ARC = YES;
				CLANG_ENABLE_OBJC_WEAK = YES;
				CLANG_WARN_BLOCK_CAPTURE_AUTORELEASING = YES;
				CLANG_WARN_BOOL_CONVERSION = YES;
				CLANG_WARN_COMMA = YES;
				CLANG_WARN_CONSTANT_CONVERSION = YES;
				CLANG_WARN_DEPRECATED_OBJC_IMPLEMENTATIONS = YES;
				CLANG_WARN_DIRECT_OBJC_ISA_USAGE = YES_ERROR;
				CLANG_WARN_DOCUMENTATION_COMMENTS = YES;
				CLANG_WARN_EMPTY_BODY = YES;
				CLANG_WARN_ENUM_CONVERSION = YES;
				CLANG_WARN_INFINITE_RECURSION = YES;
				CLANG_WARN_INT_CONVERSION = YES;
				CLANG_WARN_NON_LITERAL_NULL_CONVERSION = YES;
				CLANG_WARN_OBJC_IMPLICIT_RETAIN_SELF = YES;
				CLANG_WARN_OBJC_LITERAL_CONVERSION = YES;
				CLANG_WARN_OBJC_ROOT_CLASS = YES_ERROR;
				CLANG_WARN_QUOTED_INCLUDE_IN_FRAMEWORK_HEADER = YES;
				CLANG_WARN_RANGE_LOOP_ANALYSIS = YES;
				CLANG_WARN_STRICT_PROTOTYPES = YES;
				CLANG_WARN_SUSPICIOUS_MOVE = YES;
				CLANG_WARN_UNGUARDED_AVAILABILITY = YES_AGGRESSIVE;
				CLANG_WARN_UNREACHABLE_CODE = YES;
				CLANG_WARN__DUPLICATE_METHOD_MATCH = YES;
				COPY_PHASE_STRIP = NO;
				DEBUG_INFORMATION_FORMAT = "dwarf-with-dsym";
				ENABLE_NS_ASSERTIONS = NO;
				ENABLE_STRICT_OBJC_MSGSEND = YES;
				GCC_C_LANGUAGE_STANDARD = gnu11;
				GCC_NO_COMMON_BLOCKS = YES;
				GCC_WARN_64_TO_32_BIT_CONVERSION = YES;
				GCC_WARN_ABOUT_RETURN_TYPE = YES_ERROR;
				GCC_WARN_UNDECLARED_SELECTOR = YES;
				GCC_WARN_UNINITIALIZED_AUTOS = YES_AGGRESSIVE;
				GCC_WARN_UNUSED_FUNCTION = YES;
				GCC_WARN_UNUSED_VARIABLE = YES;
				MACOSX_DEPLOYMENT_TARGET = 13.3;
				MTL_ENABLE_DEBUG_INFO = NO;
				MTL_FAST_MATH = YES;
				SDKROOT = macosx;
			};
			name = Release;
		};
		3D8B87132A909FDF00C98AF2 /* Debug */ = {
			isa = XCBuildConfiguration;
			buildSettings = {
				CODE_SIGN_STYLE = Automatic;
				DEVELOPMENT_TEAM = 8B7GB4H8J9;
				ENABLE_HARDENED_RUNTIME = YES;
				PRODUCT_NAME = "$(TARGET_NAME)";
			};
			name = Debug;
		};
		3D8B87142A909FDF00C98AF2 /* Release */ = {
			isa = XCBuildConfiguration;
			buildSettings = {
				CODE_SIGN_STYLE = Automatic;
				DEVELOPMENT_TEAM = 8B7GB4H8J9;
				ENABLE_HARDENED_RUNTIME = YES;
				PRODUCT_NAME = "$(TARGET_NAME)";
			};
			name = Release;
		};
/* End XCBuildConfiguration section */

/* Begin XCConfigurationList section */
		3D8B87062A909FDE00C98AF2 /* Build configuration list for PBXProject "gmc_copy" */ = {
			isa = XCConfigurationList;
			buildConfigurations = (
				3D8B87102A909FDF00C98AF2 /* Debug */,
				3D8B87112A909FDF00C98AF2 /* Release */,
			);
			defaultConfigurationIsVisible = 0;
			defaultConfigurationName = Release;
		};
		3D8B87122A909FDF00C98AF2 /* Build configuration list for PBXNativeTarget "gmc_copy" */ = {
			isa = XCConfigurationList;
			buildConfigurations = (
				3D8B87132A909FDF00C98AF2 /* Debug */,
				3D8B87142A909FDF00C98AF2 /* Release */,
			);
			defaultConfigurationIsVisible = 0;
			defaultConfigurationName = Release;
		};
/* End XCConfigurationList section */
	};
	rootObject = 3D8B87032A909FDE00C98AF2 /* Project object */;
}
